Microsoft Visual Studio Solution File, Format Version 12.00
# Visual Studio 15
VisualStudioVersion = 15.0.26403.0
MinimumVisualStudioVersion = 10.0.40219.1
Project("{2150E333-8FDC-42A3-9474-1A3956D46DE8}") = ".paket", ".paket", "{63297B98-5CED-492C-A5B7-A5B4F73CF142}"
	ProjectSection(SolutionItems) = preProject
		..\paket.dependencies = ..\paket.dependencies
		..\paket.lock = ..\paket.lock
	EndProjectSection
EndProject
Project("{2150E333-8FDC-42A3-9474-1A3956D46DE8}") = "doc", "doc", "{A6A6AF7D-D6E3-442D-9B1E-58CC91879BE1}"
	ProjectSection(SolutionItems) = preProject
		..\doc\Caching.fsx = ..\doc\Caching.fsx
		..\CONTRIBUTING.md = ..\CONTRIBUTING.md
		..\doc\DevelopReadme.md = ..\doc\DevelopReadme.md
		..\doc\IntroExamples.fsx = ..\doc\IntroExamples.fsx
		..\README.md = ..\README.md
		..\doc\ReleaseNotes.md = ..\doc\ReleaseNotes.md
	EndProjectSection
EndProject
Project("{2150E333-8FDC-42A3-9474-1A3956D46DE8}") = "project", "project", "{BF60BC93-E09B-4E5F-9D85-95A519479D54}"
	ProjectSection(SolutionItems) = preProject
		..\buildConfig.fsx = ..\buildConfig.fsx
		..\paket.dependencies = ..\paket.dependencies
		..\nuget\Yaaf.FSharp.Scripting.nuspec = ..\nuget\Yaaf.FSharp.Scripting.nuspec
	EndProjectSection
EndProject
Project("{F2A71F9B-5D33-465A-A702-920D77279786}") = "Yaaf.FSharp.Scripting", "source\Yaaf.FSharp.Scripting\Yaaf.FSharp.Scripting.fsproj", "{2D4E0476-7D33-449B-B895-FF1CAF9DD712}"
EndProject
Project("{F2A71F9B-5D33-465A-A702-920D77279786}") = "Test.Yaaf.FSharp.Scripting", "test\Test.Yaaf.FSharp.Scripting\Test.Yaaf.FSharp.Scripting.fsproj", "{ED6905ED-539D-43FA-A48D-15BF4D6A1F80}"
EndProject
Project("{2150E333-8FDC-42A3-9474-1A3956D46DE8}") = "templates", "templates", "{1532E90C-4D3F-4AB2-9636-22726F68F4E8}"
	ProjectSection(SolutionItems) = preProject
		..\doc\templates\docpage-index.cshtml = ..\doc\templates\docpage-index.cshtml
		..\doc\templates\docpage.cshtml = ..\doc\templates\docpage.cshtml
		..\doc\templates\template-color.tex = ..\doc\templates\template-color.tex
		..\doc\templates\template-math.tex = ..\doc\templates\template-math.tex
		..\doc\templates\template.cshtml = ..\doc\templates\template.cshtml
	EndProjectSection
EndProject
Project("{2150E333-8FDC-42A3-9474-1A3956D46DE8}") = "reference", "reference", "{65D8785D-F9BA-4E17-9667-99ADBEAA411C}"
	ProjectSection(SolutionItems) = preProject
		..\doc\templates\reference\module.cshtml = ..\doc\templates\reference\module.cshtml
		..\doc\templates\reference\namespaces.cshtml = ..\doc\templates\reference\namespaces.cshtml
		..\doc\templates\reference\part-members.cshtml = ..\doc\templates\reference\part-members.cshtml
		..\doc\templates\reference\part-nested.cshtml = ..\doc\templates\reference\part-nested.cshtml
		..\doc\templates\reference\type.cshtml = ..\doc\templates\reference\type.cshtml
	EndProjectSection
EndProject
Project("{2150E333-8FDC-42A3-9474-1A3956D46DE8}") = "content", "content", "{B925F738-D2CD-469E-A596-CBE4BFD67C72}"
	ProjectSection(SolutionItems) = preProject
		..\doc\content\prism.css = ..\doc\content\prism.css
		..\doc\content\prism.js = ..\doc\content\prism.js
		..\doc\content\style.css = ..\doc\content\style.css
		..\doc\content\tips.js = ..\doc\content\tips.js
	EndProjectSection
EndProject
Project("{2150E333-8FDC-42A3-9474-1A3956D46DE8}") = "img", "img", "{0248EE74-229A-485A-8886-CC83C099FA76}"
	ProjectSection(SolutionItems) = preProject
		..\doc\content\img\back_to_top.png = ..\doc\content\img\back_to_top.png
		..\doc\content\img\github-blue.png = ..\doc\content\img\github-blue.png
		..\doc\content\img\github.png = ..\doc\content\img\github.png
		..\doc\content\img\logo-template.pdn = ..\doc\content\img\logo-template.pdn
		..\doc\content\img\logo.png = ..\doc\content\img\logo.png
	EndProjectSection
EndProject
Global
	GlobalSection(SolutionConfigurationPlatforms) = preSolution
		Debug|IncludeTest = Debug|IncludeTest
		Debug|Net40 = Debug|Net40
		Debug|Net45 = Debug|Net45
		Release|IncludeTest = Release|IncludeTest
		Release|Net40 = Release|Net40
		Release|Net45 = Release|Net45
	EndGlobalSection
	GlobalSection(ProjectConfigurationPlatforms) = postSolution
		{2D4E0476-7D33-449B-B895-FF1CAF9DD712}.Debug|IncludeTest.ActiveCfg = Debug|IncludeTest
		{2D4E0476-7D33-449B-B895-FF1CAF9DD712}.Debug|IncludeTest.Build.0 = Debug|IncludeTest
		{2D4E0476-7D33-449B-B895-FF1CAF9DD712}.Debug|Net40.ActiveCfg = Debug|Net45
		{2D4E0476-7D33-449B-B895-FF1CAF9DD712}.Debug|Net45.ActiveCfg = Debug|Net45
		{2D4E0476-7D33-449B-B895-FF1CAF9DD712}.Debug|Net45.Build.0 = Debug|Net45
		{2D4E0476-7D33-449B-B895-FF1CAF9DD712}.Release|IncludeTest.ActiveCfg = Release|IncludeTest
		{2D4E0476-7D33-449B-B895-FF1CAF9DD712}.Release|IncludeTest.Build.0 = Release|IncludeTest
		{2D4E0476-7D33-449B-B895-FF1CAF9DD712}.Release|Net40.ActiveCfg = Release|Net45
		{2D4E0476-7D33-449B-B895-FF1CAF9DD712}.Release|Net45.ActiveCfg = Release|Net45
		{2D4E0476-7D33-449B-B895-FF1CAF9DD712}.Release|Net45.Build.0 = Release|Net45
		{ED6905ED-539D-43FA-A48D-15BF4D6A1F80}.Debug|IncludeTest.ActiveCfg = Debug|Net45
		{ED6905ED-539D-43FA-A48D-15BF4D6A1F80}.Debug|Net40.ActiveCfg = Debug|Net40
		{ED6905ED-539D-43FA-A48D-15BF4D6A1F80}.Debug|Net40.Build.0 = Debug|Net40
		{ED6905ED-539D-43FA-A48D-15BF4D6A1F80}.Debug|Net45.ActiveCfg = Debug|Net45
		{ED6905ED-539D-43FA-A48D-15BF4D6A1F80}.Debug|Net45.Build.0 = Debug|Net45
		{ED6905ED-539D-43FA-A48D-15BF4D6A1F80}.Release|IncludeTest.ActiveCfg = Release|Net45
		{ED6905ED-539D-43FA-A48D-15BF4D6A1F80}.Release|Net40.ActiveCfg = Release|Net40
		{ED6905ED-539D-43FA-A48D-15BF4D6A1F80}.Release|Net40.Build.0 = Release|Net40
		{ED6905ED-539D-43FA-A48D-15BF4D6A1F80}.Release|Net45.ActiveCfg = Release|Net45
		{ED6905ED-539D-43FA-A48D-15BF4D6A1F80}.Release|Net45.Build.0 = Release|Net45
	EndGlobalSection
	GlobalSection(SolutionProperties) = preSolution
		HideSolutionNode = FALSE
	EndGlobalSection
	GlobalSection(NestedProjects) = preSolution
		{1532E90C-4D3F-4AB2-9636-22726F68F4E8} = {A6A6AF7D-D6E3-442D-9B1E-58CC91879BE1}
		{65D8785D-F9BA-4E17-9667-99ADBEAA411C} = {1532E90C-4D3F-4AB2-9636-22726F68F4E8}
		{B925F738-D2CD-469E-A596-CBE4BFD67C72} = {A6A6AF7D-D6E3-442D-9B1E-58CC91879BE1}
		{0248EE74-229A-485A-8886-CC83C099FA76} = {B925F738-D2CD-469E-A596-CBE4BFD67C72}
	EndGlobalSection
EndGlobal
